
Microsoft Visual Studio Solution File, Format Version 12.00
# Visual Studio Version 17
VisualStudioVersion = 17.5.002.0
MinimumVisualStudioVersion = 10.0.40219.1
Project("{2150E333-8FDC-42A3-9474-1A3956D46DE8}") = "Files", "Files", "{B8E25B56-2475-43CF-B54D-0943E7B82441}"
EndProject
Project("{9A19103F-16F7-4668-BE54-9A1E7A4F7556}") = "CreateFiles", "Files\CreateFiles\CreateFiles.csproj", "{00EE554C-0737-44FE-B902-C91E30D42D37}"
EndProject
Project("{9A19103F-16F7-4668-BE54-9A1E7A4F7556}") = "Directories", "Files\Directories\Directories.csproj", "{0D463C0C-4DD8-4840-9341-256C7E4BCAEE}"
EndProject
Project("{9A19103F-16F7-4668-BE54-9A1E7A4F7556}") = "FileInfo", "Files\FileInfo\FileInfo.csproj", "{A439F568-5A5E-409D-94C5-3D12DC9CEF0E}"
EndProject
Project("{9A19103F-16F7-4668-BE54-9A1E7A4F7556}") = "ReadWriteFiles", "Files\ReadWriteFiles\ReadWriteFiles.csproj", "{41E6F4F7-B6CE-4F02-AED0-0DC069987318}"
EndProject
Project("{2150E333-8FDC-42A3-9474-1A3956D46DE8}") = "NumbersDates", "NumbersDates", "{57BE69AD-FB86-45E3-8DD7-A24654AFB002}"
EndProject
Project("{9A19103F-16F7-4668-BE54-9A1E7A4F7556}") = "DateTimeClass", "NumbersDates\DateTimeClass\DateTimeClass.csproj", "{3F067CB7-4D88-442F-BA06-40715E194693}"
EndProject
Project("{9A19103F-16F7-4668-BE54-9A1E7A4F7556}") = "FormatDates", "NumbersDates\FormatDates\FormatDates.csproj", "{DB6E5321-77B8-4D1F-986D-93824F932679}"
EndProject
Project("{9A19103F-16F7-4668-BE54-9A1E7A4F7556}") = "FormatNumbers", "NumbersDates\FormatNumbers\FormatNumbers.csproj", "{2B78A6A2-E540-4B91-B4CA-3897C9A4B09A}"
EndProject
Project("{9A19103F-16F7-4668-BE54-9A1E7A4F7556}") = "ParseDates", "NumbersDates\ParseDates\ParseDates.csproj", "{BC054030-BB9F-4BF1-9931-1F2A24766C5B}"
EndProject
Project("{9A19103F-16F7-4668-BE54-9A1E7A4F7556}") = "ParseNumbers", "NumbersDates\ParseNumbers\ParseNumbers.csproj", "{288C1477-EEC6-4EE3-B5AA-EF6D7DD2CC7F}"
EndProject
Project("{2150E333-8FDC-42A3-9474-1A3956D46DE8}") = "Overview", "Overview", "{DB1F9F23-F547-469C-84ED-F69BF15C3E0B}"
EndProject
Project("{9A19103F-16F7-4668-BE54-9A1E7A4F7556}") = "DataTypes", "Overview\DataTypes\DataTypes.csproj", "{2C0A7649-058D-4CD4-B98B-5BE5317B73C6}"
EndProject
Project("{9A19103F-16F7-4668-BE54-9A1E7A4F7556}") = "GarbageCollect", "Overview\GarbageCollect\GarbageCollect.csproj", "{FF480A7B-C919-4BB8-8F29-3024996BB03C}"
EndProject
Project("{9A19103F-16F7-4668-BE54-9A1E7A4F7556}") = "MyConsoleApp", "Overview\MyConsoleApp\MyConsoleApp.csproj", "{F103DCCA-5A73-428B-90A6-996DC495A35F}"
EndProject
Project("{2150E333-8FDC-42A3-9474-1A3956D46DE8}") = "Regex", "Regex", "{C018D048-3AF1-4917-9D1B-F28229A57949}"
EndProject
Project("{9A19103F-16F7-4668-BE54-9A1E7A4F7556}") = "Finding", "Regex\Finding\Finding.csproj", "{D05ABB3E-8CBC-47F8-B2A5-B0025B570860}"
EndProject
Project("{9A19103F-16F7-4668-BE54-9A1E7A4F7556}") = "Replacing", "Regex\Replacing\Replacing.csproj", "{0F9982E5-9488-4E0F-8F91-6A1E34E3C6F4}"
EndProject
Project("{9A19103F-16F7-4668-BE54-9A1E7A4F7556}") = "RegexTimeouts", "Regex\Timeouts\RegexTimeouts.csproj", "{E46BCD44-95B2-496B-A9FC-E67D52E34C52}"
EndProject
Project("{2150E333-8FDC-42A3-9474-1A3956D46DE8}") = "Strings", "Strings", "{D578FBEE-9EC8-46BA-A1A9-F1989743EA26}"
EndProject
Project("{9A19103F-16F7-4668-BE54-9A1E7A4F7556}") = "Formatting", "Strings\Formatting\Formatting.csproj", "{F6500B0A-4A04-4A7A-8CF5-46564BD280C1}"
EndProject
Project("{9A19103F-16F7-4668-BE54-9A1E7A4F7556}") = "Interpolation", "Strings\Interpolation\Interpolation.csproj", "{D5A8D48E-9DBF-42F0-B44E-69F88185A25F}"
EndProject
Project("{9A19103F-16F7-4668-BE54-9A1E7A4F7556}") = "Manipulation", "Strings\Manipulation\Manipulation.csproj", "{DDD499AF-4AA9-466A-981F-C60CCCAE9F07}"
EndProject
Project("{9A19103F-16F7-4668-BE54-9A1E7A4F7556}") = "Searching", "Strings\Searching\Searching.csproj", "{A754BE7F-8BC7-4481-8D6F-D2ED8ADE50A8}"
EndProject
Global
	GlobalSection(SolutionConfigurationPlatforms) = preSolution
		Debug|Any CPU = Debug|Any CPU
		Release|Any CPU = Release|Any CPU
	EndGlobalSection
	GlobalSection(ProjectConfigurationPlatforms) = postSolution
		{00EE554C-0737-44FE-B902-C91E30D42D37}.Debug|Any CPU.ActiveCfg = Debug|Any CPU
		{00EE554C-0737-44FE-B902-C91E30D42D37}.Debug|Any CPU.Build.0 = Debug|Any CPU
		{00EE554C-0737-44FE-B902-C91E30D42D37}.Release|Any CPU.ActiveCfg = Release|Any CPU
		{00EE554C-0737-44FE-B902-C91E30D42D37}.Release|Any CPU.Build.0 = Release|Any CPU
		{0D463C0C-4DD8-4840-9341-256C7E4BCAEE}.Debug|Any CPU.ActiveCfg = Debug|Any CPU
		{0D463C0C-4DD8-4840-9341-256C7E4BCAEE}.Debug|Any CPU.Build.0 = Debug|Any CPU
		{0D463C0C-4DD8-4840-9341-256C7E4BCAEE}.Release|Any CPU.ActiveCfg = Release|Any CPU
		{0D463C0C-4DD8-4840-9341-256C7E4BCAEE}.Release|Any CPU.Build.0 = Release|Any CPU
		{A439F568-5A5E-409D-94C5-3D12DC9CEF0E}.Debug|Any CPU.ActiveCfg = Debug|Any CPU
		{A439F568-5A5E-409D-94C5-3D12DC9CEF0E}.Debug|Any CPU.Build.0 = Debug|Any CPU
		{A439F568-5A5E-409D-94C5-3D12DC9CEF0E}.Release|Any CPU.ActiveCfg = Release|Any CPU
		{A439F568-5A5E-409D-94C5-3D12DC9CEF0E}.Release|Any CPU.Build.0 = Release|Any CPU
		{41E6F4F7-B6CE-4F02-AED0-0DC069987318}.Debug|Any CPU.ActiveCfg = Debug|Any CPU
		{41E6F4F7-B6CE-4F02-AED0-0DC069987318}.Debug|Any CPU.Build.0 = Debug|Any CPU
		{41E6F4F7-B6CE-4F02-AED0-0DC069987318}.Release|Any CPU.ActiveCfg = Release|Any CPU
		{41E6F4F7-B6CE-4F02-AED0-0DC069987318}.Release|Any CPU.Build.0 = Release|Any CPU
		{3F067CB7-4D88-442F-BA06-40715E194693}.Debug|Any CPU.ActiveCfg = Debug|Any CPU
		{3F067CB7-4D88-442F-BA06-40715E194693}.Debug|Any CPU.Build.0 = Debug|Any CPU
		{3F067CB7-4D88-442F-BA06-40715E194693}.Release|Any CPU.ActiveCfg = Release|Any CPU
		{3F067CB7-4D88-442F-BA06-40715E194693}.Release|Any CPU.Build.0 = Release|Any CPU
		{DB6E5321-77B8-4D1F-986D-93824F932679}.Debug|Any CPU.ActiveCfg = Debug|Any CPU
		{DB6E5321-77B8-4D1F-986D-93824F932679}.Debug|Any CPU.Build.0 = Debug|Any CPU
		{DB6E5321-77B8-4D1F-986D-93824F932679}.Release|Any CPU.ActiveCfg = Release|Any CPU
		{DB6E5321-77B8-4D1F-986D-93824F932679}.Release|Any CPU.Build.0 = Release|Any CPU
		{2B78A6A2-E540-4B91-B4CA-3897C9A4B09A}.Debug|Any CPU.ActiveCfg = Debug|Any CPU
		{2B78A6A2-E540-4B91-B4CA-3897C9A4B09A}.Debug|Any CPU.Build.0 = Debug|Any CPU
		{2B78A6A2-E540-4B91-B4CA-3897C9A4B09A}.Release|Any CPU.ActiveCfg = Release|Any CPU
		{2B78A6A2-E540-4B91-B4CA-3897C9A4B09A}.Release|Any CPU.Build.0 = Release|Any CPU
		{BC054030-BB9F-4BF1-9931-1F2A24766C5B}.Debug|Any CPU.ActiveCfg = Debug|Any CPU
		{BC054030-BB9F-4BF1-9931-1F2A24766C5B}.Debug|Any CPU.Build.0 = Debug|Any CPU
		{BC054030-BB9F-4BF1-9931-1F2A24766C5B}.Release|Any CPU.ActiveCfg = Release|Any CPU
		{BC054030-BB9F-4BF1-9931-1F2A24766C5B}.Release|Any CPU.Build.0 = Release|Any CPU
		{288C1477-EEC6-4EE3-B5AA-EF6D7DD2CC7F}.Debug|Any CPU.ActiveCfg = Debug|Any CPU
		{288C1477-EEC6-4EE3-B5AA-EF6D7DD2CC7F}.Debug|Any CPU.Build.0 = Debug|Any CPU
		{288C1477-EEC6-4EE3-B5AA-EF6D7DD2CC7F}.Release|Any CPU.ActiveCfg = Release|Any CPU
		{288C1477-EEC6-4EE3-B5AA-EF6D7DD2CC7F}.Release|Any CPU.Build.0 = Release|Any CPU
		{2C0A7649-058D-4CD4-B98B-5BE5317B73C6}.Debug|Any CPU.ActiveCfg = Debug|Any CPU
		{2C0A7649-058D-4CD4-B98B-5BE5317B73C6}.Debug|Any CPU.Build.0 = Debug|Any CPU
		{2C0A7649-058D-4CD4-B98B-5BE5317B73C6}.Release|Any CPU.ActiveCfg = Release|Any CPU
		{2C0A7649-058D-4CD4-B98B-5BE5317B73C6}.Release|Any CPU.Build.0 = Release|Any CPU
		{FF480A7B-C919-4BB8-8F29-3024996BB03C}.Debug|Any CPU.ActiveCfg = Debug|Any CPU
		{FF480A7B-C919-4BB8-8F29-3024996BB03C}.Debug|Any CPU.Build.0 = Debug|Any CPU
		{FF480A7B-C919-4BB8-8F29-3024996BB03C}.Release|Any CPU.ActiveCfg = Release|Any CPU
		{FF480A7B-C919-4BB8-8F29-3024996BB03C}.Release|Any CPU.Build.0 = Release|Any CPU
		{F103DCCA-5A73-428B-90A6-996DC495A35F}.Debug|Any CPU.ActiveCfg = Debug|Any CPU
		{F103DCCA-5A73-428B-90A6-996DC495A35F}.Debug|Any CPU.Build.0 = Debug|Any CPU
		{F103DCCA-5A73-428B-90A6-996DC495A35F}.Release|Any CPU.ActiveCfg = Release|Any CPU
		{F103DCCA-5A73-428B-90A6-996DC495A35F}.Release|Any CPU.Build.0 = Release|Any CPU
		{D05ABB3E-8CBC-47F8-B2A5-B0025B570860}.Debug|Any CPU.ActiveCfg = Debug|Any CPU
		{D05ABB3E-8CBC-47F8-B2A5-B0025B570860}.Debug|Any CPU.Build.0 = Debug|Any CPU
		{D05ABB3E-8CBC-47F8-B2A5-B0025B570860}.Release|Any CPU.ActiveCfg = Release|Any CPU
		{D05ABB3E-8CBC-47F8-B2A5-B0025B570860}.Release|Any CPU.Build.0 = Release|Any CPU
		{0F9982E5-9488-4E0F-8F91-6A1E34E3C6F4}.Debug|Any CPU.ActiveCfg = Debug|Any CPU
		{0F9982E5-9488-4E0F-8F91-6A1E34E3C6F4}.Debug|Any CPU.Build.0 = Debug|Any CPU
		{0F9982E5-9488-4E0F-8F91-6A1E34E3C6F4}.Release|Any CPU.ActiveCfg = Release|Any CPU
		{0F9982E5-9488-4E0F-8F91-6A1E34E3C6F4}.Release|Any CPU.Build.0 = Release|Any CPU
		{E46BCD44-95B2-496B-A9FC-E67D52E34C52}.Debug|Any CPU.ActiveCfg = Debug|Any CPU
		{E46BCD44-95B2-496B-A9FC-E67D52E34C52}.Debug|Any CPU.Build.0 = Debug|Any CPU
		{E46BCD44-95B2-496B-A9FC-E67D52E34C52}.Release|Any CPU.ActiveCfg = Release|Any CPU
		{E46BCD44-95B2-496B-A9FC-E67D52E34C52}.Release|Any CPU.Build.0 = Release|Any CPU
		{F6500B0A-4A04-4A7A-8CF5-46564BD280C1}.Debug|Any CPU.ActiveCfg = Debug|Any CPU
		{F6500B0A-4A04-4A7A-8CF5-46564BD280C1}.Debug|Any CPU.Build.0 = Debug|Any CPU
		{F6500B0A-4A04-4A7A-8CF5-46564BD280C1}.Release|Any CPU.ActiveCfg = Release|Any CPU
		{F6500B0A-4A04-4A7A-8CF5-46564BD280C1}.Release|Any CPU.Build.0 = Release|Any CPU
		{D5A8D48E-9DBF-42F0-B44E-69F88185A25F}.Debug|Any CPU.ActiveCfg = Debug|Any CPU
		{D5A8D48E-9DBF-42F0-B44E-69F88185A25F}.Debug|Any CPU.Build.0 = Debug|Any CPU
		{D5A8D48E-9DBF-42F0-B44E-69F88185A25F}.Release|Any CPU.ActiveCfg = Release|Any CPU
		{D5A8D48E-9DBF-42F0-B44E-69F88185A25F}.Release|Any CPU.Build.0 = Release|Any CPU
		{DDD499AF-4AA9-466A-981F-C60CCCAE9F07}.Debug|Any CPU.ActiveCfg = Debug|Any CPU
		{DDD499AF-4AA9-466A-981F-C60CCCAE9F07}.Debug|Any CPU.Build.0 = Debug|Any CPU
		{DDD499AF-4AA9-466A-981F-C60CCCAE9F07}.Release|Any CPU.ActiveCfg = Release|Any CPU
		{DDD499AF-4AA9-466A-981F-C60CCCAE9F07}.Release|Any CPU.Build.0 = Release|Any CPU
		{A754BE7F-8BC7-4481-8D6F-D2ED8ADE50A8}.Debug|Any CPU.ActiveCfg = Debug|Any CPU
		{A754BE7F-8BC7-4481-8D6F-D2ED8ADE50A8}.Debug|Any CPU.Build.0 = Debug|Any CPU
		{A754BE7F-8BC7-4481-8D6F-D2ED8ADE50A8}.Release|Any CPU.ActiveCfg = Release|Any CPU
		{A754BE7F-8BC7-4481-8D6F-D2ED8ADE50A8}.Release|Any CPU.Build.0 = Release|Any CPU
	EndGlobalSection
	GlobalSection(SolutionProperties) = preSolution
		HideSolutionNode = FALSE
	EndGlobalSection
	GlobalSection(NestedProjects) = preSolution
		{00EE554C-0737-44FE-B902-C91E30D42D37} = {B8E25B56-2475-43CF-B54D-0943E7B82441}
		{0D463C0C-4DD8-4840-9341-256C7E4BCAEE} = {B8E25B56-2475-43CF-B54D-0943E7B82441}
		{A439F568-5A5E-409D-94C5-3D12DC9CEF0E} = {B8E25B56-2475-43CF-B54D-0943E7B82441}
		{41E6F4F7-B6CE-4F02-AED0-0DC069987318} = {B8E25B56-2475-43CF-B54D-0943E7B82441}
		{3F067CB7-4D88-442F-BA06-40715E194693} = {57BE69AD-FB86-45E3-8DD7-A24654AFB002}
		{DB6E5321-77B8-4D1F-986D-93824F932679} = {57BE69AD-FB86-45E3-8DD7-A24654AFB002}
		{2B78A6A2-E540-4B91-B4CA-3897C9A4B09A} = {57BE69AD-FB86-45E3-8DD7-A24654AFB002}
		{BC054030-BB9F-4BF1-9931-1F2A24766C5B} = {57BE69AD-FB86-45E3-8DD7-A24654AFB002}
		{288C1477-EEC6-4EE3-B5AA-EF6D7DD2CC7F} = {57BE69AD-FB86-45E3-8DD7-A24654AFB002}
		{2C0A7649-058D-4CD4-B98B-5BE5317B73C6} = {DB1F9F23-F547-469C-84ED-F69BF15C3E0B}
		{FF480A7B-C919-4BB8-8F29-3024996BB03C} = {DB1F9F23-F547-469C-84ED-F69BF15C3E0B}
		{F103DCCA-5A73-428B-90A6-996DC495A35F} = {DB1F9F23-F547-469C-84ED-F69BF15C3E0B}
		{D05ABB3E-8CBC-47F8-B2A5-B0025B570860} = {C018D048-3AF1-4917-9D1B-F28229A57949}
		{0F9982E5-9488-4E0F-8F91-6A1E34E3C6F4} = {C018D048-3AF1-4917-9D1B-F28229A57949}
		{E46BCD44-95B2-496B-A9FC-E67D52E34C52} = {C018D048-3AF1-4917-9D1B-F28229A57949}
		{F6500B0A-4A04-4A7A-8CF5-46564BD280C1} = {D578FBEE-9EC8-46BA-A1A9-F1989743EA26}
		{D5A8D48E-9DBF-42F0-B44E-69F88185A25F} = {D578FBEE-9EC8-46BA-A1A9-F1989743EA26}
		{DDD499AF-4AA9-466A-981F-C60CCCAE9F07} = {D578FBEE-9EC8-46BA-A1A9-F1989743EA26}
		{A754BE7F-8BC7-4481-8D6F-D2ED8ADE50A8} = {D578FBEE-9EC8-46BA-A1A9-F1989743EA26}
	EndGlobalSection
	GlobalSection(ExtensibilityGlobals) = postSolution
		SolutionGuid = {938D5F45-08D2-48F0-8516-6CE88FCD0AAB}
	EndGlobalSection
EndGlobal
